<?xml version="1.0" encoding="utf-8"?>
<Project ToolsVersion="4.0" xmlns="http://schemas.microsoft.com/developer/msbuild/2003">
  <ItemGroup>
    <Filter Include="Source Files">
      <UniqueIdentifier>{4FC737F1-C7A5-4376-A066-2A32D752A2FF}</UniqueIdentifier>
      <Extensions>cpp;c;cc;cxx;def;odl;idl;hpj;bat;asm;asmx</Extensions>
    </Filter>
    <Filter Include="AW">
      <UniqueIdentifier>{323924a4-7b5c-4828-a58d-0418320eead7}</UniqueIdentifier>
    </Filter>
    <Filter Include="AW\GraphicsAPI">
      <UniqueIdentifier>{4088038e-235c-4de0-baf1-ab9f8e962140}</UniqueIdentifier>
    </Filter>
    <Filter Include="AW\GraphicsAPI\Vulkan">
      <UniqueIdentifier>{ca3dd91a-e404-44df-a3d6-858f04bb6db1}</UniqueIdentifier>
    </Filter>
    <Filter Include="AW\Foundation">
      <UniqueIdentifier>{b24ec1f5-f435-4729-ac33-d0c9f59b2b59}</UniqueIdentifier>
    </Filter>
  </ItemGroup>
  <ItemGroup>
    <ClCompile Include="AWBuffer.cpp">
      <Filter>AW\Foundation</Filter>
    </ClCompile>
    <ClCompile Include="BackendVulkan.cpp">
      <Filter>AW\GraphicsAPI\Vulkan</Filter>
    </ClCompile>
    <ClCompile Include="AWLogger.cpp">
      <Filter>AW\Foundation</Filter>
    </ClCompile>
    <ClCompile Include="Application.cpp">
      <Filter>Source Files</Filter>
    </ClCompile>
    <ClCompile Include="AWFileManager.cpp">
      <Filter>AW\Foundation</Filter>
    </ClCompile>
    <ClCompile Include="AWVertex.cpp">
      <Filter>AW\Foundation</Filter>
    </ClCompile>
    <ClCompile Include="AWVkVertex.cpp">
      <Filter>AW\GraphicsAPI\Vulkan</Filter>
    </ClCompile>
    <ClCompile Include="AWVector.cpp">
      <Filter>AW\Foundation</Filter>
    </ClCompile>
  </ItemGroup>
  <ItemGroup>
    <ClInclude Include="AWInclude.h">
      <Filter>AW</Filter>
    </ClInclude>
    <ClInclude Include="AWBuffer.h">
      <Filter>AW\Foundation</Filter>
    </ClInclude>
    <ClInclude Include="BackendVulkan.h">
      <Filter>AW\GraphicsAPI\Vulkan</Filter>
    </ClInclude>
    <ClInclude Include="AWLogger.h">
      <Filter>AW\Foundation</Filter>
    </ClInclude>
    <ClInclude Include="AWFileManager.h">
      <Filter>AW\Foundation</Filter>
    </ClInclude>
    <ClInclude Include="AWVertex.h">
      <Filter>AW\Foundation</Filter>
    </ClInclude>
    <ClInclude Include="AWVkVertex.h">
      <Filter>AW\GraphicsAPI\Vulkan</Filter>
    </ClInclude>
    <ClInclude Include="AWVector.h">
      <Filter>AW\Foundation</Filter>
    </ClInclude>
    <ClInclude Include="AWFoundation.h">
      <Filter>AW</Filter>
    </ClInclude>
  </ItemGroup>
</Project>